
Microsoft Visual Studio Solution File, Format Version 12.00
# Visual Studio 15
VisualStudioVersion = 15.0.28307.489
MinimumVisualStudioVersion = 10.0.40219.1
Project("{FAE04EC0-301F-11D3-BF4B-00C04F79EFBC}") = "ReceiveStudentNameAndSendEncodedPdfRecord", "ReceiveStudentNameAndSendEncodedPdfRecord\ReceiveStudentNameAndSendEncodedPdfRecord.csproj", "{67C362A0-A080-4DCB-BFB6-8EEE491D09B8}"
EndProject
Global
	GlobalSection(SolutionConfigurationPlatforms) = preSolution
		Debug|Any CPU = Debug|Any CPU
		Release|Any CPU = Release|Any CPU
	EndGlobalSection
	GlobalSection(ProjectConfigurationPlatforms) = postSolution
		{67C362A0-A080-4DCB-BFB6-8EEE491D09B8}.Debug|Any CPU.ActiveCfg = Debug|Any CPU
		{67C362A0-A080-4DCB-BFB6-8EEE491D09B8}.Debug|Any CPU.Build.0 = Debug|Any CPU
		{67C362A0-A080-4DCB-BFB6-8EEE491D09B8}.Release|Any CPU.ActiveCfg = Release|Any CPU
		{67C362A0-A080-4DCB-BFB6-8EEE491D09B8}.Release|Any CPU.Build.0 = Release|Any CPU
	EndGlobalSection
	GlobalSection(SolutionProperties) = preSolution
		HideSolutionNode = FALSE
	EndGlobalSection
	GlobalSection(ExtensibilityGlobals) = postSolution
		SolutionGuid = {1DF346FE-EC59-4600-8609-8522B3F0E912}
	EndGlobalSection
EndGlobal
