
Microsoft Visual Studio Solution File, Format Version 12.00
# Visual Studio 15
VisualStudioVersion = 15.0.28307.271
MinimumVisualStudioVersion = 10.0.40219.1
Project("{FAE04EC0-301F-11D3-BF4B-00C04F79EFBC}") = "PracticeCosmosSqlApi", "PracticeCosmosSqlApi\PracticeCosmosSqlApi.csproj", "{AB18FBC4-DA64-4FD2-BA26-5F9E20C6AFD6}"
EndProject
Global
	GlobalSection(SolutionConfigurationPlatforms) = preSolution
		Debug|Any CPU = Debug|Any CPU
		Release|Any CPU = Release|Any CPU
	EndGlobalSection
	GlobalSection(ProjectConfigurationPlatforms) = postSolution
		{AB18FBC4-DA64-4FD2-BA26-5F9E20C6AFD6}.Debug|Any CPU.ActiveCfg = Debug|Any CPU
		{AB18FBC4-DA64-4FD2-BA26-5F9E20C6AFD6}.Debug|Any CPU.Build.0 = Debug|Any CPU
		{AB18FBC4-DA64-4FD2-BA26-5F9E20C6AFD6}.Release|Any CPU.ActiveCfg = Release|Any CPU
		{AB18FBC4-DA64-4FD2-BA26-5F9E20C6AFD6}.Release|Any CPU.Build.0 = Release|Any CPU
	EndGlobalSection
	GlobalSection(SolutionProperties) = preSolution
		HideSolutionNode = FALSE
	EndGlobalSection
	GlobalSection(ExtensibilityGlobals) = postSolution
		SolutionGuid = {502F3162-04A4-4EB0-A01A-FC91BEC6847B}
	EndGlobalSection
EndGlobal
